# generated by rye
# use `rye lock` or `rye sync` to update this lockfile
#
# last locked with the following flags:
#   pre: false
#   features: []
#   all-features: false

-e file:.
apssdag @ git+https://github.com/xiechao06/abstract-power-supply-system-dag.git
tabulate==0.9.0
tqdm==4.66.1
typing-extensions==4.7.1
